github.com/ameise84/heap v1.0.0 h1:1sfaprmrhL7P2JHWiFm+HUcr6bM8JMYzDy4xL/s/uz4=
github.com/ameise84/heap v1.0.0/go.mod h1:V5T6yOWqu0Zm/dkRmaSWvHIcn9mlSbarJ256/8NMeds=
github.com/ameise84/rbmap v1.0.0 h1:wLBLyGS4JNnF2ExSO+Pil02vUpKa8Y4ueFwSpf85X20=
github.com/ameise84/rbmap v1.0.0/go.mod h1:SDuIfOukdNKEealMTOHLTzSkWmM2rsRFv+ZQVXGAMQY=
